
Microsoft Visual Studio Solution File, Format Version 12.00
# Visual Studio Version 16
VisualStudioVersion = 16.0.29215.179
MinimumVisualStudioVersion = 10.0.40219.1
Project("{FAE04EC0-301F-11D3-BF4B-00C04F79EFBC}") = "Proyecto_1_LFP", "Proyecto 1 LFP\Proyecto_1_LFP.csproj", "{470AB519-18E2-401A-A97B-26D70F4FBB72}"
EndProject
Global
	GlobalSection(SolutionConfigurationPlatforms) = preSolution
		Debug|Any CPU = Debug|Any CPU
		Release|Any CPU = Release|Any CPU
	EndGlobalSection
	GlobalSection(ProjectConfigurationPlatforms) = postSolution
		{470AB519-18E2-401A-A97B-26D70F4FBB72}.Debug|Any CPU.ActiveCfg = Debug|Any CPU
		{470AB519-18E2-401A-A97B-26D70F4FBB72}.Debug|Any CPU.Build.0 = Debug|Any CPU
		{470AB519-18E2-401A-A97B-26D70F4FBB72}.Release|Any CPU.ActiveCfg = Release|Any CPU
		{470AB519-18E2-401A-A97B-26D70F4FBB72}.Release|Any CPU.Build.0 = Release|Any CPU
	EndGlobalSection
	GlobalSection(SolutionProperties) = preSolution
		HideSolutionNode = FALSE
	EndGlobalSection
	GlobalSection(ExtensibilityGlobals) = postSolution
		SolutionGuid = {8947D5D3-5CB6-436A-A003-DF360D48CC3A}
	EndGlobalSection
EndGlobal
